{
  "name": "cron",
  "version": "1.0.0",
  "lockfileVersion": 3,
  "requires": true,
  "packages": {
    "": {
      "name": "cron",
      "version": "1.0.0",
      "license": "ISC",
      "dependencies": {
        "multilang-sentiment": "^2.0.0",
        "vader-sentiment": "^1.1.3"
      }
    },
    "node_modules/emoji-regex": {
      "version": "9.2.2",
      "resolved": "https://registry.npmjs.org/emoji-regex/-/emoji-regex-9.2.2.tgz",
      "integrity": "sha512-L18DaJsXSUk2+42pv8mLs5jJT2hqFkFE4j21wOmgbUqsZ2hL72NsUU785g9RXgo3s0ZNgVl42TiHp3ZtOv/Vyg==",
      "license": "MIT"
    },
    "node_modules/fuse.js": {
      "version": "6.6.2",
      "resolved": "https://registry.npmjs.org/fuse.js/-/fuse.js-6.6.2.tgz",
      "integrity": "sha512-cJaJkxCCxC8qIIcPBF9yGxY0W/tVZS3uEISDxhYIdtk8OL93pe+6Zj7LjCqVV4dzbqcriOZ+kQ/NE4RXZHsIGA==",
      "license": "Apache-2.0",
      "engines": {
        "node": ">=10"
      }
    },
    "node_modules/multilang-sentiment": {
      "version": "2.0.0",
      "resolved": "https://registry.npmjs.org/multilang-sentiment/-/multilang-sentiment-2.0.0.tgz",
      "integrity": "sha512-RQVLjGmNepWzlLO7o934A51R2Wt4PiXCv7EsMpOQoPfrd0HhkZKY0WP8VMjOS8F//rj59/hsAYy61/kMZyQxSA==",
      "license": "MIT",
      "dependencies": {
        "fuse.js": "^6.4.6",
        "wink-tokenizer": "^5.2.3"
      },
      "engines": {
        "node": ">=4.0"
      }
    },
    "node_modules/vader-sentiment": {
      "version": "1.1.3",
      "resolved": "https://registry.npmjs.org/vader-sentiment/-/vader-sentiment-1.1.3.tgz",
      "integrity": "sha512-z9ys48I7pd3ngy/YzYDCTcOp6//z96wiXaJnQnuyxiPT3PTU0mWLWVCKvips11S5euvHfXsr0ahsmWT2oeXcUw==",
      "license": "Apache-2.0"
    },
    "node_modules/wink-tokenizer": {
      "version": "5.3.0",
      "resolved": "https://registry.npmjs.org/wink-tokenizer/-/wink-tokenizer-5.3.0.tgz",
      "integrity": "sha512-O/yAw0g3FmSgeeQuYAJJfP7fVPB4A6ay0018qASh79aWmIOyPYy4j4r9EQT8xBjicja6lCLvgRVAybmEBaATQA==",
      "license": "MIT",
      "dependencies": {
        "emoji-regex": "^9.0.0"
      }
    }
  }
}
